// !$*UTF8*$!
{
	archiveVersion = 1;
	classes = {
	};
	objectVersion = 46;
	objects = {

/* Begin PBXBuildFile section */
		83049A021C8A911C006BCC2F /* AppDelegate.swift in Sources */ = {isa = PBXBuildFile; fileRef = 83049A011C8A911C006BCC2F /* AppDelegate.swift */; };
		83049A041C8A911C006BCC2F /* ViewController.swift in Sources */ = {isa = PBXBuildFile; fileRef = 83049A031C8A911C006BCC2F /* ViewController.swift */; };
		83049A071C8A911C006BCC2F /* Main.storyboard in Resources */ = {isa = PBXBuildFile; fileRef = 83049A051C8A911C006BCC2F /* Main.storyboard */; };
		83049A091C8A911C006BCC2F /* Assets.xcassets in Resources */ = {isa = PBXBuildFile; fileRef = 83049A081C8A911C006BCC2F /* Assets.xcassets */; };
		83049A0C1C8A911C006BCC2F /* LaunchScreen.storyboard in Resources */ = {isa = PBXBuildFile; fileRef = 83049A0A1C8A911C006BCC2F /* LaunchScreen.storyboard */; };
		83049A171C8A911C006BCC2F /* SendTests.swift in Sources */ = {isa = PBXBuildFile; fileRef = 83049A161C8A911C006BCC2F /* SendTests.swift */; };
		83049A221C8A911C006BCC2F /* SendUITests.swift in Sources */ = {isa = PBXBuildFile; fileRef = 83049A211C8A911C006BCC2F /* SendUITests.swift */; };
		83049A301C8A91A1006BCC2F /* FirebaseController.swift in Sources */ = {isa = PBXBuildFile; fileRef = 83049A2F1C8A91A1006BCC2F /* FirebaseController.swift */; };
		83049A321C8A91C3006BCC2F /* Firebase.framework in Frameworks */ = {isa = PBXBuildFile; fileRef = 83049A311C8A91C3006BCC2F /* Firebase.framework */; };
		83049A341C8A91EF006BCC2F /* libicucore.tbd in Frameworks */ = {isa = PBXBuildFile; fileRef = 83049A331C8A91EF006BCC2F /* libicucore.tbd */; };
		83049A361C8A91F7006BCC2F /* libc++.tbd in Frameworks */ = {isa = PBXBuildFile; fileRef = 83049A351C8A91F7006BCC2F /* libc++.tbd */; };
		83049A381C8A9201006BCC2F /* CFNetwork.framework in Frameworks */ = {isa = PBXBuildFile; fileRef = 83049A371C8A9201006BCC2F /* CFNetwork.framework */; };
		83049A3A1C8A920A006BCC2F /* Security.framework in Frameworks */ = {isa = PBXBuildFile; fileRef = 83049A391C8A920A006BCC2F /* Security.framework */; };
		83049A3C1C8A9217006BCC2F /* SystemConfiguration.framework in Frameworks */ = {isa = PBXBuildFile; fileRef = 83049A3B1C8A9217006BCC2F /* SystemConfiguration.framework */; };
/* End PBXBuildFile section */

/* Begin PBXContainerItemProxy section */
		83049A131C8A911C006BCC2F /* PBXContainerItemProxy */ = {
			isa = PBXContainerItemProxy;
			containerPortal = 830499F61C8A911C006BCC2F /* Project object */;
			proxyType = 1;
			remoteGlobalIDString = 830499FD1C8A911C006BCC2F;
			remoteInfo = Send;
		};
		83049A1E1C8A911C006BCC2F /* PBXContainerItemProxy */ = {
			isa = PBXContainerItemProxy;
			containerPortal = 830499F61C8A911C006BCC2F /* Project object */;
			proxyType = 1;
			remoteGlobalIDString = 830499FD1C8A911C006BCC2F;
			remoteInfo = Send;
		};
/* End PBXContainerItemProxy section */

/* Begin PBXFileReference section */
		830499FE1C8A911C006BCC2F /* Send.app */ = {isa = PBXFileReference; explicitFileType = wrapper.application; includeInIndex = 0; path = Send.app; sourceTree = BUILT_PRODUCTS_DIR; };
		83049A011C8A911C006BCC2F /* AppDelegate.swift */ = {isa = PBXFileReference; lastKnownFileType = sourcecode.swift; path = AppDelegate.swift; sourceTree = "<group>"; };
		83049A031C8A911C006BCC2F /* ViewController.swift */ = {isa = PBXFileReference; lastKnownFileType = sourcecode.swift; path = ViewController.swift; sourceTree = "<group>"; };
		83049A061C8A911C006BCC2F /* Base */ = {isa = PBXFileReference; lastKnownFileType = file.storyboard; name = Base; path = Base.lproj/Main.storyboard; sourceTree = "<group>"; };
		83049A081C8A911C006BCC2F /* Assets.xcassets */ = {isa = PBXFileReference; lastKnownFileType = folder.assetcatalog; path = Assets.xcassets; sourceTree = "<group>"; };
		83049A0B1C8A911C006BCC2F /* Base */ = {isa = PBXFileReference; lastKnownFileType = file.storyboard; name = Base; path = Base.lproj/LaunchScreen.storyboard; sourceTree = "<group>"; };
		83049A0D1C8A911C006BCC2F /* Info.plist */ = {isa = PBXFileReference; lastKnownFileType = text.plist.xml; path = Info.plist; sourceTree = "<group>"; };
		83049A121C8A911C006BCC2F /* SendTests.xctest */ = {isa = PBXFileReference; explicitFileType = wrapper.cfbundle; includeInIndex = 0; path = SendTests.xctest; sourceTree = BUILT_PRODUCTS_DIR; };
		83049A161C8A911C006BCC2F /* SendTests.swift */ = {isa = PBXFileReference; lastKnownFileType = sourcecode.swift; path = SendTests.swift; sourceTree = "<group>"; };
		83049A181C8A911C006BCC2F /* Info.plist */ = {isa = PBXFileReference; lastKnownFileType = text.plist.xml; path = Info.plist; sourceTree = "<group>"; };
		83049A1D1C8A911C006BCC2F /* SendUITests.xctest */ = {isa = PBXFileReference; explicitFileType = wrapper.cfbundle; includeInIndex = 0; path = SendUITests.xctest; sourceTree = BUILT_PRODUCTS_DIR; };
		83049A211C8A911C006BCC2F /* SendUITests.swift */ = {isa = PBXFileReference; lastKnownFileType = sourcecode.swift; path = SendUITests.swift; sourceTree = "<group>"; };
		83049A231C8A911C006BCC2F /* Info.plist */ = {isa = PBXFileReference; lastKnownFileType = text.plist.xml; path = Info.plist; sourceTree = "<group>"; };
		83049A2F1C8A91A1006BCC2F /* FirebaseController.swift */ = {isa = PBXFileReference; fileEncoding = 4; lastKnownFileType = sourcecode.swift; path = FirebaseController.swift; sourceTree = "<group>"; };
		83049A311C8A91C3006BCC2F /* Firebase.framework */ = {isa = PBXFileReference; lastKnownFileType = wrapper.framework; path = Firebase.framework; sourceTree = "<group>"; };
		83049A331C8A91EF006BCC2F /* libicucore.tbd */ = {isa = PBXFileReference; lastKnownFileType = "sourcecode.text-based-dylib-definition"; name = libicucore.tbd; path = usr/lib/libicucore.tbd; sourceTree = SDKROOT; };
		83049A351C8A91F7006BCC2F /* libc++.tbd */ = {isa = PBXFileReference; lastKnownFileType = "sourcecode.text-based-dylib-definition"; name = "libc++.tbd"; path = "usr/lib/libc++.tbd"; sourceTree = SDKROOT; };
		83049A371C8A9201006BCC2F /* CFNetwork.framework */ = {isa = PBXFileReference; lastKnownFileType = wrapper.framework; name = CFNetwork.framework; path = System/Library/Frameworks/CFNetwork.framework; sourceTree = SDKROOT; };
		83049A391C8A920A006BCC2F /* Security.framework */ = {isa = PBXFileReference; lastKnownFileType = wrapper.framework; name = Security.framework; path = System/Library/Frameworks/Security.framework; sourceTree = SDKROOT; };
		83049A3B1C8A9217006BCC2F /* SystemConfiguration.framework */ = {isa = PBXFileReference; lastKnownFileType = wrapper.framework; name = SystemConfiguration.framework; path = System/Library/Frameworks/SystemConfiguration.framework; sourceTree = SDKROOT; };
/* End PBXFileReference section */

/* Begin PBXFrameworksBuildPhase section */
		830499FB1C8A911C006BCC2F /* Frameworks */ = {
			isa = PBXFrameworksBuildPhase;
			buildActionMask = 2147483647;
			files = (
				83049A3C1C8A9217006BCC2F /* SystemConfiguration.framework in Frameworks */,
				83049A3A1C8A920A006BCC2F /* Security.framework in Frameworks */,
				83049A381C8A9201006BCC2F /* CFNetwork.framework in Frameworks */,
				83049A361C8A91F7006BCC2F /* libc++.tbd in Frameworks */,
				83049A341C8A91EF006BCC2F /* libicucore.tbd in Frameworks */,
				83049A321C8A91C3006BCC2F /* Firebase.framework in Frameworks */,
			);
			runOnlyForDeploymentPostprocessing = 0;
		};
		83049A0F1C8A911C006BCC2F /* Frameworks */ = {
			isa = PBXFrameworksBuildPhase;
			buildActionMask = 2147483647;
			files = (
			);
			runOnlyForDeploymentPostprocessing = 0;
		};
		83049A1A1C8A911C006BCC2F /* Frameworks */ = {
			isa = PBXFrameworksBuildPhase;
			buildActionMask = 2147483647;
			files = (
			);
			runOnlyForDeploymentPostprocessing = 0;
		};
/* End PBXFrameworksBuildPhase section */

/* Begin PBXGroup section */
		830499F51C8A911C006BCC2F = {
			isa = PBXGroup;
			children = (
				83049A001C8A911C006BCC2F /* Send */,
				83049A151C8A911C006BCC2F /* SendTests */,
				83049A201C8A911C006BCC2F /* SendUITests */,
				830499FF1C8A911C006BCC2F /* Products */,
				83049A3D1C8A922A006BCC2F /* Frameworks */,
			);
			sourceTree = "<group>";
		};
		830499FF1C8A911C006BCC2F /* Products */ = {
			isa = PBXGroup;
			children = (
				830499FE1C8A911C006BCC2F /* Send.app */,
				83049A121C8A911C006BCC2F /* SendTests.xctest */,
				83049A1D1C8A911C006BCC2F /* SendUITests.xctest */,
			);
			name = Products;
			sourceTree = "<group>";
		};
		83049A001C8A911C006BCC2F /* Send */ = {
			isa = PBXGroup;
			children = (
				83049A011C8A911C006BCC2F /* AppDelegate.swift */,
				83049A031C8A911C006BCC2F /* ViewController.swift */,
				83049A2F1C8A91A1006BCC2F /* FirebaseController.swift */,
				83049A051C8A911C006BCC2F /* Main.storyboard */,
				83049A081C8A911C006BCC2F /* Assets.xcassets */,
				83049A0A1C8A911C006BCC2F /* LaunchScreen.storyboard */,
				83049A0D1C8A911C006BCC2F /* Info.plist */,
			);
			path = Send;
			sourceTree = "<group>";
		};
		83049A151C8A911C006BCC2F /* SendTests */ = {
			isa = PBXGroup;
			children = (
				83049A161C8A911C006BCC2F /* SendTests.swift */,
				83049A181C8A911C006BCC2F /* Info.plist */,
			);
			path = SendTests;
			sourceTree = "<group>";
		};
		83049A201C8A911C006BCC2F /* SendUITests */ = {
			isa = PBXGroup;
			children = (
				83049A211C8A911C006BCC2F /* SendUITests.swift */,
				83049A231C8A911C006BCC2F /* Info.plist */,
			);
			path = SendUITests;
			sourceTree = "<group>";
		};
		83049A3D1C8A922A006BCC2F /* Frameworks */ = {
			isa = PBXGroup;
			children = (
				83049A3B1C8A9217006BCC2F /* SystemConfiguration.framework */,
				83049A391C8A920A006BCC2F /* Security.framework */,
				83049A371C8A9201006BCC2F /* CFNetwork.framework */,
				83049A351C8A91F7006BCC2F /* libc++.tbd */,
				83049A331C8A91EF006BCC2F /* libicucore.tbd */,
				83049A311C8A91C3006BCC2F /* Firebase.framework */,
			);
			name = Frameworks;
			sourceTree = "<group>";
		};
/* End PBXGroup section */

/* Begin PBXNativeTarget section */
		830499FD1C8A911C006BCC2F /* Send */ = {
			isa = PBXNativeTarget;
			buildConfigurationList = 83049A261C8A911C006BCC2F /* Build configuration list for PBXNativeTarget "Send" */;
			buildPhases = (
				830499FA1C8A911C006BCC2F /* Sources */,
				830499FB1C8A911C006BCC2F /* Frameworks */,
				830499FC1C8A911C006BCC2F /* Resources */,
			);
			buildRules = (
			);
			dependencies = (
			);
			name = Send;
			productName = Send;
			productReference = 830499FE1C8A911C006BCC2F /* Send.app */;
			productType = "com.apple.product-type.application";
		};
		83049A111C8A911C006BCC2F /* SendTests */ = {
			isa = PBXNativeTarget;
			buildConfigurationList = 83049A291C8A911C006BCC2F /* Build configuration list for PBXNativeTarget "SendTests" */;
			buildPhases = (
				83049A0E1C8A911C006BCC2F /* Sources */,
				83049A0F1C8A911C006BCC2F /* Frameworks */,
				83049A101C8A911C006BCC2F /* Resources */,
			);
			buildRules = (
			);
			dependencies = (
				83049A141C8A911C006BCC2F /* PBXTargetDependency */,
			);
			name = SendTests;
			productName = SendTests;
			productReference = 83049A121C8A911C006BCC2F /* SendTests.xctest */;
			productType = "com.apple.product-type.bundle.unit-test";
		};
		83049A1C1C8A911C006BCC2F /* SendUITests */ = {
			isa = PBXNativeTarget;
			buildConfigurationList = 83049A2C1C8A911C006BCC2F /* Build configuration list for PBXNativeTarget "SendUITests" */;
			buildPhases = (
				83049A191C8A911C006BCC2F /* Sources */,
				83049A1A1C8A911C006BCC2F /* Frameworks */,
				83049A1B1C8A911C006BCC2F /* Resources */,
			);
			buildRules = (
			);
			dependencies = (
				83049A1F1C8A911C006BCC2F /* PBXTargetDependency */,
			);
			name = SendUITests;
			productName = SendUITests;
			productReference = 83049A1D1C8A911C006BCC2F /* SendUITests.xctest */;
			productType = "com.apple.product-type.bundle.ui-testing";
		};
/* End PBXNativeTarget section */

/* Begin PBXProject section */
		830499F61C8A911C006BCC2F /* Project object */ = {
			isa = PBXProject;
			attributes = {
				LastSwiftUpdateCheck = 0720;
				LastUpgradeCheck = 0720;
				ORGANIZATIONNAME = "Jordan Nelson";
				TargetAttributes = {
					830499FD1C8A911C006BCC2F = {
						CreatedOnToolsVersion = 7.2.1;
					};
					83049A111C8A911C006BCC2F = {
						CreatedOnToolsVersion = 7.2.1;
						TestTargetID = 830499FD1C8A911C006BCC2F;
					};
					83049A1C1C8A911C006BCC2F = {
						CreatedOnToolsVersion = 7.2.1;
						TestTargetID = 830499FD1C8A911C006BCC2F;
					};
				};
			};
			buildConfigurationList = 830499F91C8A911C006BCC2F /* Build configuration list for PBXProject "Send" */;
			compatibilityVersion = "Xcode 3.2";
			developmentRegion = English;
			hasScannedForEncodings = 0;
			knownRegions = (
				en,
				Base,
			);
			mainGroup = 830499F51C8A911C006BCC2F;
			productRefGroup = 830499FF1C8A911C006BCC2F /* Products */;
			projectDirPath = "";
			projectRoot = "";
			targets = (
				830499FD1C8A911C006BCC2F /* Send */,
				83049A111C8A911C006BCC2F /* SendTests */,
				83049A1C1C8A911C006BCC2F /* SendUITests */,
			);
		};
/* End PBXProject section */

/* Begin PBXResourcesBuildPhase section */
		830499FC1C8A911C006BCC2F /* Resources */ = {
			isa = PBXResourcesBuildPhase;
			buildActionMask = 2147483647;
			files = (
				83049A0C1C8A911C006BCC2F /* LaunchScreen.storyboard in Resources */,
				83049A091C8A911C006BCC2F /* Assets.xcassets in Resources */,
				83049A071C8A911C006BCC2F /* Main.storyboard in Resources */,
			);
			runOnlyForDeploymentPostprocessing = 0;
		};
		83049A101C8A911C006BCC2F /* Resources */ = {
			isa = PBXResourcesBuildPhase;
			buildActionMask = 2147483647;
			files = (
			);
			runOnlyForDeploymentPostprocessing = 0;
		};
		83049A1B1C8A911C006BCC2F /* Resources */ = {
			isa = PBXResourcesBuildPhase;
			buildActionMask = 2147483647;
			files = (
			);
			runOnlyForDeploymentPostprocessing = 0;
		};
/* End PBXResourcesBuildPhase section */

/* Begin PBXSourcesBuildPhase section */
		830499FA1C8A911C006BCC2F /* Sources */ = {
			isa = PBXSourcesBuildPhase;
			buildActionMask = 2147483647;
			files = (
				83049A301C8A91A1006BCC2F /* FirebaseController.swift in Sources */,
				83049A041C8A911C006BCC2F /* ViewController.swift in Sources */,
				83049A021C8A911C006BCC2F /* AppDelegate.swift in Sources */,
			);
			runOnlyForDeploymentPostprocessing = 0;
		};
		83049A0E1C8A911C006BCC2F /* Sources */ = {
			isa = PBXSourcesBuildPhase;
			buildActionMask = 2147483647;
			files = (
				83049A171C8A911C006BCC2F /* SendTests.swift in Sources */,
			);
			runOnlyForDeploymentPostprocessing = 0;
		};
		83049A191C8A911C006BCC2F /* Sources */ = {
			isa = PBXSourcesBuildPhase;
			buildActionMask = 2147483647;
			files = (
				83049A221C8A911C006BCC2F /* SendUITests.swift in Sources */,
			);
			runOnlyForDeploymentPostprocessing = 0;
		};
/* End PBXSourcesBuildPhase section */

/* Begin PBXTargetDependency section */
		83049A141C8A911C006BCC2F /* PBXTargetDependency */ = {
			isa = PBXTargetDependency;
			target = 830499FD1C8A911C006BCC2F /* Send */;
			targetProxy = 83049A131C8A911C006BCC2F /* PBXContainerItemProxy */;
		};
		83049A1F1C8A911C006BCC2F /* PBXTargetDependency */ = {
			isa = PBXTargetDependency;
			target = 830499FD1C8A911C006BCC2F /* Send */;
			targetProxy = 83049A1E1C8A911C006BCC2F /* PBXContainerItemProxy */;
		};
/* End PBXTargetDependency section */

/* Begin PBXVariantGroup section */
		83049A051C8A911C006BCC2F /* Main.storyboard */ = {
			isa = PBXVariantGroup;
			children = (
				83049A061C8A911C006BCC2F /* Base */,
			);
			name = Main.storyboard;
			sourceTree = "<group>";
		};
		83049A0A1C8A911C006BCC2F /* LaunchScreen.storyboard */ = {
			isa = PBXVariantGroup;
			children = (
				83049A0B1C8A911C006BCC2F /* Base */,
			);
			name = LaunchScreen.storyboard;
			sourceTree = "<group>";
		};
/* End PBXVariantGroup section */

/* Begin XCBuildConfiguration section */
		83049A241C8A911C006BCC2F /* Debug */ = {
			isa = XCBuildConfiguration;
			buildSettings = {
				ALWAYS_SEARCH_USER_PATHS = NO;
				CLANG_CXX_LANGUAGE_STANDARD = "gnu++0x";
				CLANG_CXX_LIBRARY = "libc++";
				CLANG_ENABLE_MODULES = YES;
				CLANG_ENABLE_OBJC_ARC = YES;
				CLANG_WARN_BOOL_CONVERSION = YES;
				CLANG_WARN_CONSTANT_CONVERSION = YES;
				CLANG_WARN_DIRECT_OBJC_ISA_USAGE = YES_ERROR;
				CLANG_WARN_EMPTY_BODY = YES;
				CLANG_WARN_ENUM_CONVERSION = YES;
				CLANG_WARN_INT_CONVERSION = YES;
				CLANG_WARN_OBJC_ROOT_CLASS = YES_ERROR;
				CLANG_WARN_UNREACHABLE_CODE = YES;
				CLANG_WARN__DUPLICATE_METHOD_MATCH = YES;
				"CODE_SIGN_IDENTITY[sdk=iphoneos*]" = "iPhone Developer";
				COPY_PHASE_STRIP = NO;
				DEBUG_INFORMATION_FORMAT = dwarf;
				ENABLE_STRICT_OBJC_MSGSEND = YES;
				ENABLE_TESTABILITY = YES;
				GCC_C_LANGUAGE_STANDARD = gnu99;
				GCC_DYNAMIC_NO_PIC = NO;
				GCC_NO_COMMON_BLOCKS = YES;
				GCC_OPTIMIZATION_LEVEL = 0;
				GCC_PREPROCESSOR_DEFINITIONS = (
					"DEBUG=1",
					"$(inherited)",
				);
				GCC_WARN_64_TO_32_BIT_CONVERSION = YES;
				GCC_WARN_ABOUT_RETURN_TYPE = YES_ERROR;
				GCC_WARN_UNDECLARED_SELECTOR = YES;
				GCC_WARN_UNINITIALIZED_AUTOS = YES_AGGRESSIVE;
				GCC_WARN_UNUSED_FUNCTION = YES;
				GCC_WARN_UNUSED_VARIABLE = YES;
				IPHONEOS_DEPLOYMENT_TARGET = 9.2;
				MTL_ENABLE_DEBUG_INFO = YES;
				ONLY_ACTIVE_ARCH = YES;
				SDKROOT = iphoneos;
				SWIFT_OPTIMIZATION_LEVEL = "-Onone";
				TARGETED_DEVICE_FAMILY = "1,2";
			};
			name = Debug;
		};
		83049A251C8A911C006BCC2F /* Release */ = {
			isa = XCBuildConfiguration;
			buildSettings = {
				ALWAYS_SEARCH_USER_PATHS = NO;
				CLANG_CXX_LANGUAGE_STANDARD = "gnu++0x";
				CLANG_CXX_LIBRARY = "libc++";
				CLANG_ENABLE_MODULES = YES;
				CLANG_ENABLE_OBJC_ARC = YES;
				CLANG_WARN_BOOL_CONVERSION = YES;
				CLANG_WARN_CONSTANT_CONVERSION = YES;
				CLANG_WARN_DIRECT_OBJC_ISA_USAGE = YES_ERROR;
				CLANG_WARN_EMPTY_BODY = YES;
				CLANG_WARN_ENUM_CONVERSION = YES;
				CLANG_WARN_INT_CONVERSION = YES;
				CLANG_WARN_OBJC_ROOT_CLASS = YES_ERROR;
				CLANG_WARN_UNREACHABLE_CODE = YES;
				CLANG_WARN__DUPLICATE_METHOD_MATCH = YES;
				"CODE_SIGN_IDENTITY[sdk=iphoneos*]" = "iPhone Developer";
				COPY_PHASE_STRIP = NO;
				DEBUG_INFORMATION_FORMAT = "dwarf-with-dsym";
				ENABLE_NS_ASSERTIONS = NO;
				ENABLE_STRICT_OBJC_MSGSEND = YES;
				GCC_C_LANGUAGE_STANDARD = gnu99;
				GCC_NO_COMMON_BLOCKS = YES;
				GCC_WARN_64_TO_32_BIT_CONVERSION = YES;
				GCC_WARN_ABOUT_RETURN_TYPE = YES_ERROR;
				GCC_WARN_UNDECLARED_SELECTOR = YES;
				GCC_WARN_UNINITIALIZED_AUTOS = YES_AGGRESSIVE;
				GCC_WARN_UNUSED_FUNCTION = YES;
				GCC_WARN_UNUSED_VARIABLE = YES;
				IPHONEOS_DEPLOYMENT_TARGET = 9.2;
				MTL_ENABLE_DEBUG_INFO = NO;
				SDKROOT = iphoneos;
				TARGETED_DEVICE_FAMILY = "1,2";
				VALIDATE_PRODUCT = YES;
			};
			name = Release;
		};
		83049A271C8A911C006BCC2F /* Debug */ = {
			isa = XCBuildConfiguration;
			buildSettings = {
				ASSETCATALOG_COMPILER_APPICON_NAME = AppIcon;
				FRAMEWORK_SEARCH_PATHS = (
					"$(inherited)",
					"$(PROJECT_DIR)",
				);
				INFOPLIST_FILE = Send/Info.plist;
				LD_RUNPATH_SEARCH_PATHS = "$(inherited) @executable_path/Frameworks";
				PRODUCT_BUNDLE_IDENTIFIER = DevMtn.Send;
				PRODUCT_NAME = "$(TARGET_NAME)";
			};
			name = Debug;
		};
		83049A281C8A911C006BCC2F /* Release */ = {
			isa = XCBuildConfiguration;
			buildSettings = {
				ASSETCATALOG_COMPILER_APPICON_NAME = AppIcon;
				FRAMEWORK_SEARCH_PATHS = (
					"$(inherited)",
					"$(PROJECT_DIR)",
				);
				INFOPLIST_FILE = Send/Info.plist;
				LD_RUNPATH_SEARCH_PATHS = "$(inherited) @executable_path/Frameworks";
				PRODUCT_BUNDLE_IDENTIFIER = DevMtn.Send;
				PRODUCT_NAME = "$(TARGET_NAME)";
			};
			name = Release;
		};
		83049A2A1C8A911C006BCC2F /* Debug */ = {
			isa = XCBuildConfiguration;
			buildSettings = {
				BUNDLE_LOADER = "$(TEST_HOST)";
				INFOPLIST_FILE = SendTests/Info.plist;
				LD_RUNPATH_SEARCH_PATHS = "$(inherited) @executable_path/Frameworks @loader_path/Frameworks";
				PRODUCT_BUNDLE_IDENTIFIER = DevMtn.SendTests;
				PRODUCT_NAME = "$(TARGET_NAME)";
				TEST_HOST = "$(BUILT_PRODUCTS_DIR)/Send.app/Send";
			};
			name = Debug;
		};
		83049A2B1C8A911C006BCC2F /* Release */ = {
			isa = XCBuildConfiguration;
			buildSettings = {
				BUNDLE_LOADER = "$(TEST_HOST)";
				INFOPLIST_FILE = SendTests/Info.plist;
				LD_RUNPATH_SEARCH_PATHS = "$(inherited) @executable_path/Frameworks @loader_path/Frameworks";
				PRODUCT_BUNDLE_IDENTIFIER = DevMtn.SendTests;
				PRODUCT_NAME = "$(TARGET_NAME)";
				TEST_HOST = "$(BUILT_PRODUCTS_DIR)/Send.app/Send";
			};
			name = Release;
		};
		83049A2D1C8A911C006BCC2F /* Debug */ = {
			isa = XCBuildConfiguration;
			buildSettings = {
				INFOPLIST_FILE = SendUITests/Info.plist;
				LD_RUNPATH_SEARCH_PATHS = "$(inherited) @executable_path/Frameworks @loader_path/Frameworks";
				PRODUCT_BUNDLE_IDENTIFIER = DevMtn.SendUITests;
				PRODUCT_NAME = "$(TARGET_NAME)";
				TEST_TARGET_NAME = Send;
				USES_XCTRUNNER = YES;
			};
			name = Debug;
		};
		83049A2E1C8A911C006BCC2F /* Release */ = {
			isa = XCBuildConfiguration;
			buildSettings = {
				INFOPLIST_FILE = SendUITests/Info.plist;
				LD_RUNPATH_SEARCH_PATHS = "$(inherited) @executable_path/Frameworks @loader_path/Frameworks";
				PRODUCT_BUNDLE_IDENTIFIER = DevMtn.SendUITests;
				PRODUCT_NAME = "$(TARGET_NAME)";
				TEST_TARGET_NAME = Send;
				USES_XCTRUNNER = YES;
			};
			name = Release;
		};
/* End XCBuildConfiguration section */

/* Begin XCConfigurationList section */
		830499F91C8A911C006BCC2F /* Build configuration list for PBXProject "Send" */ = {
			isa = XCConfigurationList;
			buildConfigurations = (
				83049A241C8A911C006BCC2F /* Debug */,
				83049A251C8A911C006BCC2F /* Release */,
			);
			defaultConfigurationIsVisible = 0;
			defaultConfigurationName = Release;
		};
		83049A261C8A911C006BCC2F /* Build configuration list for PBXNativeTarget "Send" */ = {
			isa = XCConfigurationList;
			buildConfigurations = (
				83049A271C8A911C006BCC2F /* Debug */,
				83049A281C8A911C006BCC2F /* Release */,
			);
			defaultConfigurationIsVisible = 0;
		};
		83049A291C8A911C006BCC2F /* Build configuration list for PBXNativeTarget "SendTests" */ = {
			isa = XCConfigurationList;
			buildConfigurations = (
				83049A2A1C8A911C006BCC2F /* Debug */,
				83049A2B1C8A911C006BCC2F /* Release */,
			);
			defaultConfigurationIsVisible = 0;
		};
		83049A2C1C8A911C006BCC2F /* Build configuration list for PBXNativeTarget "SendUITests" */ = {
			isa = XCConfigurationList;
			buildConfigurations = (
				83049A2D1C8A911C006BCC2F /* Debug */,
				83049A2E1C8A911C006BCC2F /* Release */,
			);
			defaultConfigurationIsVisible = 0;
		};
/* End XCConfigurationList section */
	};
	rootObject = 830499F61C8A911C006BCC2F /* Project object */;
}
